
Microsoft Visual Studio Solution File, Format Version 12.00
# Visual Studio Version 17
VisualStudioVersion = 17.9.34622.214
MinimumVisualStudioVersion = 10.0.40219.1
Project("{FAE04EC0-301F-11D3-BF4B-00C04F79EFBC}") = "Module5", "ConsoleApp1\Module5.csproj", "{DFCDB8D4-F6A1-4C3E-995B-C470AEF67C23}"
EndProject
Global
	GlobalSection(SolutionConfigurationPlatforms) = preSolution
		Debug|Any CPU = Debug|Any CPU
		Release|Any CPU = Release|Any CPU
	EndGlobalSection
	GlobalSection(ProjectConfigurationPlatforms) = postSolution
		{DFCDB8D4-F6A1-4C3E-995B-C470AEF67C23}.Debug|Any CPU.ActiveCfg = Debug|Any CPU
		{DFCDB8D4-F6A1-4C3E-995B-C470AEF67C23}.Debug|Any CPU.Build.0 = Debug|Any CPU
		{DFCDB8D4-F6A1-4C3E-995B-C470AEF67C23}.Release|Any CPU.ActiveCfg = Release|Any CPU
		{DFCDB8D4-F6A1-4C3E-995B-C470AEF67C23}.Release|Any CPU.Build.0 = Release|Any CPU
	EndGlobalSection
	GlobalSection(SolutionProperties) = preSolution
		HideSolutionNode = FALSE
	EndGlobalSection
	GlobalSection(ExtensibilityGlobals) = postSolution
		SolutionGuid = {6068B504-F43F-4101-8F97-233791DB9458}
	EndGlobalSection
EndGlobal
